
Microsoft Visual Studio Solution File, Format Version 12.00
# Visual Studio Version 17
VisualStudioVersion = 17.0.31919.166
MinimumVisualStudioVersion = 10.0.40219.1
Project("{2150E333-8FDC-42A3-9474-1A3956D46DE8}") = "Modules", "Modules", "{A56834BF-DC60-4C8B-AA57-1F3071276CAC}"
EndProject
Project("{9A19103F-16F7-4668-BE54-9A1E7A4F7556}") = "SIE.WebApiHost", "Projects\SMOM\SIE.WebApiHost\SIE.WebApiHost.csproj", "{B2D3FD1E-44CA-46BC-9CF6-9B975027B1A6}"
EndProject
Project("{9A19103F-16F7-4668-BE54-9A1E7A4F7556}") = "WebClient", "Projects\SMOM\WebClient\WebClient.csproj", "{BB4F84CC-C884-47D1-BA33-8C6493F62BB4}"
EndProject
Project("{FAE04EC0-301F-11D3-BF4B-00C04F79EFBC}") = "WpfClient", "Projects\SMOM\WpfClient\WpfClient.csproj", "{64A4AA87-3E90-47C8-A3D3-2B664BE0D251}"
EndProject
Project("{9A19103F-16F7-4668-BE54-9A1E7A4F7556}") = "SIE.ScheduleServer", "Projects\SMOM\SIE.ScheduleServer\SIE.ScheduleServer.csproj", "{A3BDE36F-4360-4F34-AB6B-FA7C1F2B46CB}"
EndProject
Project("{2150E333-8FDC-42A3-9474-1A3956D46DE8}") = "Test", "Test", "{02EA681E-C7D8-13C7-8484-4AC65E1B71E8}"
EndProject
Project("{FAE04EC0-301F-11D3-BF4B-00C04F79EFBC}") = "SIE.ZYF", "Modules\SIE.ZYF\SIE.ZYF\SIE.ZYF.csproj", "{4AB6F71F-49F4-49AD-A570-2109F3C703F9}"
EndProject
Project("{FAE04EC0-301F-11D3-BF4B-00C04F79EFBC}") = "SIE.Web.ZYF", "Modules\SIE.ZYF\SIE.Web.ZYF\SIE.Web.ZYF.csproj", "{E26A5721-8618-4B3B-8F18-68DB33318595}"
EndProject
Project("{FAE04EC0-301F-11D3-BF4B-00C04F79EFBC}") = "SIE.Wpf.ZYF", "Modules\SIE.ZYF\SIE.Wpf.ZYF\SIE.Wpf.ZYF.csproj", "{04A45A8F-36E7-4AF9-A948-8572E2301FC9}"
EndProject
Global
	GlobalSection(SolutionConfigurationPlatforms) = preSolution
		ApiHostPublish|Any CPU = ApiHostPublish|Any CPU
		ApiHostPublish|x64 = ApiHostPublish|x64
		BsPortalPublish|Any CPU = BsPortalPublish|Any CPU
		BsPortalPublish|x64 = BsPortalPublish|x64
		Debug|Any CPU = Debug|Any CPU
		Debug|x64 = Debug|x64
		Release|Any CPU = Release|Any CPU
		Release|x64 = Release|x64
		WpfPublish|Any CPU = WpfPublish|Any CPU
		WpfPublish|x64 = WpfPublish|x64
	EndGlobalSection
	GlobalSection(ProjectConfigurationPlatforms) = postSolution
		{B2D3FD1E-44CA-46BC-9CF6-9B975027B1A6}.ApiHostPublish|Any CPU.ActiveCfg = Release|Any CPU
		{B2D3FD1E-44CA-46BC-9CF6-9B975027B1A6}.ApiHostPublish|Any CPU.Build.0 = Release|Any CPU
		{B2D3FD1E-44CA-46BC-9CF6-9B975027B1A6}.ApiHostPublish|x64.ActiveCfg = Release|Any CPU
		{B2D3FD1E-44CA-46BC-9CF6-9B975027B1A6}.ApiHostPublish|x64.Build.0 = Release|Any CPU
		{B2D3FD1E-44CA-46BC-9CF6-9B975027B1A6}.BsPortalPublish|Any CPU.ActiveCfg = Release|Any CPU
		{B2D3FD1E-44CA-46BC-9CF6-9B975027B1A6}.BsPortalPublish|Any CPU.Build.0 = Release|Any CPU
		{B2D3FD1E-44CA-46BC-9CF6-9B975027B1A6}.BsPortalPublish|x64.ActiveCfg = Release|Any CPU
		{B2D3FD1E-44CA-46BC-9CF6-9B975027B1A6}.BsPortalPublish|x64.Build.0 = Release|Any CPU
		{B2D3FD1E-44CA-46BC-9CF6-9B975027B1A6}.Debug|Any CPU.ActiveCfg = Debug|Any CPU
		{B2D3FD1E-44CA-46BC-9CF6-9B975027B1A6}.Debug|Any CPU.Build.0 = Debug|Any CPU
		{B2D3FD1E-44CA-46BC-9CF6-9B975027B1A6}.Debug|x64.ActiveCfg = Debug|Any CPU
		{B2D3FD1E-44CA-46BC-9CF6-9B975027B1A6}.Debug|x64.Build.0 = Debug|Any CPU
		{B2D3FD1E-44CA-46BC-9CF6-9B975027B1A6}.Release|Any CPU.ActiveCfg = Release|Any CPU
		{B2D3FD1E-44CA-46BC-9CF6-9B975027B1A6}.Release|Any CPU.Build.0 = Release|Any CPU
		{B2D3FD1E-44CA-46BC-9CF6-9B975027B1A6}.Release|x64.ActiveCfg = Release|Any CPU
		{B2D3FD1E-44CA-46BC-9CF6-9B975027B1A6}.Release|x64.Build.0 = Release|Any CPU
		{B2D3FD1E-44CA-46BC-9CF6-9B975027B1A6}.WpfPublish|Any CPU.ActiveCfg = Release|Any CPU
		{B2D3FD1E-44CA-46BC-9CF6-9B975027B1A6}.WpfPublish|Any CPU.Build.0 = Release|Any CPU
		{B2D3FD1E-44CA-46BC-9CF6-9B975027B1A6}.WpfPublish|x64.ActiveCfg = Release|Any CPU
		{B2D3FD1E-44CA-46BC-9CF6-9B975027B1A6}.WpfPublish|x64.Build.0 = Release|Any CPU
		{BB4F84CC-C884-47D1-BA33-8C6493F62BB4}.ApiHostPublish|Any CPU.ActiveCfg = Release|Any CPU
		{BB4F84CC-C884-47D1-BA33-8C6493F62BB4}.ApiHostPublish|Any CPU.Build.0 = Release|Any CPU
		{BB4F84CC-C884-47D1-BA33-8C6493F62BB4}.ApiHostPublish|x64.ActiveCfg = Release|Any CPU
		{BB4F84CC-C884-47D1-BA33-8C6493F62BB4}.ApiHostPublish|x64.Build.0 = Release|Any CPU
		{BB4F84CC-C884-47D1-BA33-8C6493F62BB4}.BsPortalPublish|Any CPU.ActiveCfg = Release|Any CPU
		{BB4F84CC-C884-47D1-BA33-8C6493F62BB4}.BsPortalPublish|Any CPU.Build.0 = Release|Any CPU
		{BB4F84CC-C884-47D1-BA33-8C6493F62BB4}.BsPortalPublish|x64.ActiveCfg = Release|Any CPU
		{BB4F84CC-C884-47D1-BA33-8C6493F62BB4}.BsPortalPublish|x64.Build.0 = Release|Any CPU
		{BB4F84CC-C884-47D1-BA33-8C6493F62BB4}.Debug|Any CPU.ActiveCfg = Debug|Any CPU
		{BB4F84CC-C884-47D1-BA33-8C6493F62BB4}.Debug|Any CPU.Build.0 = Debug|Any CPU
		{BB4F84CC-C884-47D1-BA33-8C6493F62BB4}.Debug|x64.ActiveCfg = Debug|Any CPU
		{BB4F84CC-C884-47D1-BA33-8C6493F62BB4}.Debug|x64.Build.0 = Debug|Any CPU
		{BB4F84CC-C884-47D1-BA33-8C6493F62BB4}.Release|Any CPU.ActiveCfg = Release|Any CPU
		{BB4F84CC-C884-47D1-BA33-8C6493F62BB4}.Release|Any CPU.Build.0 = Release|Any CPU
		{BB4F84CC-C884-47D1-BA33-8C6493F62BB4}.Release|x64.ActiveCfg = Release|Any CPU
		{BB4F84CC-C884-47D1-BA33-8C6493F62BB4}.Release|x64.Build.0 = Release|Any CPU
		{BB4F84CC-C884-47D1-BA33-8C6493F62BB4}.WpfPublish|Any CPU.ActiveCfg = Release|Any CPU
		{BB4F84CC-C884-47D1-BA33-8C6493F62BB4}.WpfPublish|Any CPU.Build.0 = Release|Any CPU
		{BB4F84CC-C884-47D1-BA33-8C6493F62BB4}.WpfPublish|x64.ActiveCfg = Release|Any CPU
		{BB4F84CC-C884-47D1-BA33-8C6493F62BB4}.WpfPublish|x64.Build.0 = Release|Any CPU
		{64A4AA87-3E90-47C8-A3D3-2B664BE0D251}.ApiHostPublish|Any CPU.ActiveCfg = Release|Any CPU
		{64A4AA87-3E90-47C8-A3D3-2B664BE0D251}.ApiHostPublish|Any CPU.Build.0 = Release|Any CPU
		{64A4AA87-3E90-47C8-A3D3-2B664BE0D251}.ApiHostPublish|x64.ActiveCfg = Release|Any CPU
		{64A4AA87-3E90-47C8-A3D3-2B664BE0D251}.ApiHostPublish|x64.Build.0 = Release|Any CPU
		{64A4AA87-3E90-47C8-A3D3-2B664BE0D251}.BsPortalPublish|Any CPU.ActiveCfg = Release|Any CPU
		{64A4AA87-3E90-47C8-A3D3-2B664BE0D251}.BsPortalPublish|Any CPU.Build.0 = Release|Any CPU
		{64A4AA87-3E90-47C8-A3D3-2B664BE0D251}.BsPortalPublish|x64.ActiveCfg = Release|Any CPU
		{64A4AA87-3E90-47C8-A3D3-2B664BE0D251}.BsPortalPublish|x64.Build.0 = Release|Any CPU
		{64A4AA87-3E90-47C8-A3D3-2B664BE0D251}.Debug|Any CPU.ActiveCfg = Debug|Any CPU
		{64A4AA87-3E90-47C8-A3D3-2B664BE0D251}.Debug|Any CPU.Build.0 = Debug|Any CPU
		{64A4AA87-3E90-47C8-A3D3-2B664BE0D251}.Debug|x64.ActiveCfg = Debug|Any CPU
		{64A4AA87-3E90-47C8-A3D3-2B664BE0D251}.Debug|x64.Build.0 = Debug|Any CPU
		{64A4AA87-3E90-47C8-A3D3-2B664BE0D251}.Release|Any CPU.ActiveCfg = Release|Any CPU
		{64A4AA87-3E90-47C8-A3D3-2B664BE0D251}.Release|Any CPU.Build.0 = Release|Any CPU
		{64A4AA87-3E90-47C8-A3D3-2B664BE0D251}.Release|x64.ActiveCfg = Release|Any CPU
		{64A4AA87-3E90-47C8-A3D3-2B664BE0D251}.Release|x64.Build.0 = Release|Any CPU
		{64A4AA87-3E90-47C8-A3D3-2B664BE0D251}.WpfPublish|Any CPU.ActiveCfg = Release|Any CPU
		{64A4AA87-3E90-47C8-A3D3-2B664BE0D251}.WpfPublish|Any CPU.Build.0 = Release|Any CPU
		{64A4AA87-3E90-47C8-A3D3-2B664BE0D251}.WpfPublish|x64.ActiveCfg = Release|Any CPU
		{64A4AA87-3E90-47C8-A3D3-2B664BE0D251}.WpfPublish|x64.Build.0 = Release|Any CPU
		{A3BDE36F-4360-4F34-AB6B-FA7C1F2B46CB}.ApiHostPublish|Any CPU.ActiveCfg = Debug|Any CPU
		{A3BDE36F-4360-4F34-AB6B-FA7C1F2B46CB}.ApiHostPublish|Any CPU.Build.0 = Debug|Any CPU
		{A3BDE36F-4360-4F34-AB6B-FA7C1F2B46CB}.ApiHostPublish|x64.ActiveCfg = Debug|Any CPU
		{A3BDE36F-4360-4F34-AB6B-FA7C1F2B46CB}.ApiHostPublish|x64.Build.0 = Debug|Any CPU
		{A3BDE36F-4360-4F34-AB6B-FA7C1F2B46CB}.BsPortalPublish|Any CPU.ActiveCfg = Debug|Any CPU
		{A3BDE36F-4360-4F34-AB6B-FA7C1F2B46CB}.BsPortalPublish|Any CPU.Build.0 = Debug|Any CPU
		{A3BDE36F-4360-4F34-AB6B-FA7C1F2B46CB}.BsPortalPublish|x64.ActiveCfg = Debug|Any CPU
		{A3BDE36F-4360-4F34-AB6B-FA7C1F2B46CB}.BsPortalPublish|x64.Build.0 = Debug|Any CPU
		{A3BDE36F-4360-4F34-AB6B-FA7C1F2B46CB}.Debug|Any CPU.ActiveCfg = Debug|Any CPU
		{A3BDE36F-4360-4F34-AB6B-FA7C1F2B46CB}.Debug|Any CPU.Build.0 = Debug|Any CPU
		{A3BDE36F-4360-4F34-AB6B-FA7C1F2B46CB}.Debug|x64.ActiveCfg = Debug|Any CPU
		{A3BDE36F-4360-4F34-AB6B-FA7C1F2B46CB}.Debug|x64.Build.0 = Debug|Any CPU
		{A3BDE36F-4360-4F34-AB6B-FA7C1F2B46CB}.Release|Any CPU.ActiveCfg = Release|Any CPU
		{A3BDE36F-4360-4F34-AB6B-FA7C1F2B46CB}.Release|Any CPU.Build.0 = Release|Any CPU
		{A3BDE36F-4360-4F34-AB6B-FA7C1F2B46CB}.Release|x64.ActiveCfg = Release|Any CPU
		{A3BDE36F-4360-4F34-AB6B-FA7C1F2B46CB}.Release|x64.Build.0 = Release|Any CPU
		{A3BDE36F-4360-4F34-AB6B-FA7C1F2B46CB}.WpfPublish|Any CPU.ActiveCfg = Debug|Any CPU
		{A3BDE36F-4360-4F34-AB6B-FA7C1F2B46CB}.WpfPublish|Any CPU.Build.0 = Debug|Any CPU
		{A3BDE36F-4360-4F34-AB6B-FA7C1F2B46CB}.WpfPublish|x64.ActiveCfg = Debug|Any CPU
		{A3BDE36F-4360-4F34-AB6B-FA7C1F2B46CB}.WpfPublish|x64.Build.0 = Debug|Any CPU
		{4AB6F71F-49F4-49AD-A570-2109F3C703F9}.ApiHostPublish|Any CPU.ActiveCfg = Debug|Any CPU
		{4AB6F71F-49F4-49AD-A570-2109F3C703F9}.ApiHostPublish|Any CPU.Build.0 = Debug|Any CPU
		{4AB6F71F-49F4-49AD-A570-2109F3C703F9}.ApiHostPublish|x64.ActiveCfg = Debug|Any CPU
		{4AB6F71F-49F4-49AD-A570-2109F3C703F9}.ApiHostPublish|x64.Build.0 = Debug|Any CPU
		{4AB6F71F-49F4-49AD-A570-2109F3C703F9}.BsPortalPublish|Any CPU.ActiveCfg = Release|Any CPU
		{4AB6F71F-49F4-49AD-A570-2109F3C703F9}.BsPortalPublish|Any CPU.Build.0 = Release|Any CPU
		{4AB6F71F-49F4-49AD-A570-2109F3C703F9}.BsPortalPublish|x64.ActiveCfg = Release|Any CPU
		{4AB6F71F-49F4-49AD-A570-2109F3C703F9}.BsPortalPublish|x64.Build.0 = Release|Any CPU
		{4AB6F71F-49F4-49AD-A570-2109F3C703F9}.Debug|Any CPU.ActiveCfg = Debug|Any CPU
		{4AB6F71F-49F4-49AD-A570-2109F3C703F9}.Debug|Any CPU.Build.0 = Debug|Any CPU
		{4AB6F71F-49F4-49AD-A570-2109F3C703F9}.Debug|x64.ActiveCfg = Debug|Any CPU
		{4AB6F71F-49F4-49AD-A570-2109F3C703F9}.Debug|x64.Build.0 = Debug|Any CPU
		{4AB6F71F-49F4-49AD-A570-2109F3C703F9}.Release|Any CPU.ActiveCfg = Release|Any CPU
		{4AB6F71F-49F4-49AD-A570-2109F3C703F9}.Release|Any CPU.Build.0 = Release|Any CPU
		{4AB6F71F-49F4-49AD-A570-2109F3C703F9}.Release|x64.ActiveCfg = Release|Any CPU
		{4AB6F71F-49F4-49AD-A570-2109F3C703F9}.Release|x64.Build.0 = Release|Any CPU
		{4AB6F71F-49F4-49AD-A570-2109F3C703F9}.WpfPublish|Any CPU.ActiveCfg = Release|Any CPU
		{4AB6F71F-49F4-49AD-A570-2109F3C703F9}.WpfPublish|Any CPU.Build.0 = Release|Any CPU
		{4AB6F71F-49F4-49AD-A570-2109F3C703F9}.WpfPublish|x64.ActiveCfg = Release|Any CPU
		{4AB6F71F-49F4-49AD-A570-2109F3C703F9}.WpfPublish|x64.Build.0 = Release|Any CPU
		{E26A5721-8618-4B3B-8F18-68DB33318595}.ApiHostPublish|Any CPU.ActiveCfg = Debug|Any CPU
		{E26A5721-8618-4B3B-8F18-68DB33318595}.ApiHostPublish|Any CPU.Build.0 = Debug|Any CPU
		{E26A5721-8618-4B3B-8F18-68DB33318595}.ApiHostPublish|x64.ActiveCfg = Debug|Any CPU
		{E26A5721-8618-4B3B-8F18-68DB33318595}.ApiHostPublish|x64.Build.0 = Debug|Any CPU
		{E26A5721-8618-4B3B-8F18-68DB33318595}.BsPortalPublish|Any CPU.ActiveCfg = Release|Any CPU
		{E26A5721-8618-4B3B-8F18-68DB33318595}.BsPortalPublish|Any CPU.Build.0 = Release|Any CPU
		{E26A5721-8618-4B3B-8F18-68DB33318595}.BsPortalPublish|x64.ActiveCfg = Release|Any CPU
		{E26A5721-8618-4B3B-8F18-68DB33318595}.BsPortalPublish|x64.Build.0 = Release|Any CPU
		{E26A5721-8618-4B3B-8F18-68DB33318595}.Debug|Any CPU.ActiveCfg = Debug|Any CPU
		{E26A5721-8618-4B3B-8F18-68DB33318595}.Debug|Any CPU.Build.0 = Debug|Any CPU
		{E26A5721-8618-4B3B-8F18-68DB33318595}.Debug|x64.ActiveCfg = Debug|Any CPU
		{E26A5721-8618-4B3B-8F18-68DB33318595}.Debug|x64.Build.0 = Debug|Any CPU
		{E26A5721-8618-4B3B-8F18-68DB33318595}.Release|Any CPU.ActiveCfg = Release|Any CPU
		{E26A5721-8618-4B3B-8F18-68DB33318595}.Release|Any CPU.Build.0 = Release|Any CPU
		{E26A5721-8618-4B3B-8F18-68DB33318595}.Release|x64.ActiveCfg = Release|Any CPU
		{E26A5721-8618-4B3B-8F18-68DB33318595}.Release|x64.Build.0 = Release|Any CPU
		{E26A5721-8618-4B3B-8F18-68DB33318595}.WpfPublish|Any CPU.ActiveCfg = Release|Any CPU
		{E26A5721-8618-4B3B-8F18-68DB33318595}.WpfPublish|Any CPU.Build.0 = Release|Any CPU
		{E26A5721-8618-4B3B-8F18-68DB33318595}.WpfPublish|x64.ActiveCfg = Release|Any CPU
		{E26A5721-8618-4B3B-8F18-68DB33318595}.WpfPublish|x64.Build.0 = Release|Any CPU
		{04A45A8F-36E7-4AF9-A948-8572E2301FC9}.ApiHostPublish|Any CPU.ActiveCfg = Debug|Any CPU
		{04A45A8F-36E7-4AF9-A948-8572E2301FC9}.ApiHostPublish|Any CPU.Build.0 = Debug|Any CPU
		{04A45A8F-36E7-4AF9-A948-8572E2301FC9}.ApiHostPublish|x64.ActiveCfg = Debug|Any CPU
		{04A45A8F-36E7-4AF9-A948-8572E2301FC9}.ApiHostPublish|x64.Build.0 = Debug|Any CPU
		{04A45A8F-36E7-4AF9-A948-8572E2301FC9}.BsPortalPublish|Any CPU.ActiveCfg = Release|Any CPU
		{04A45A8F-36E7-4AF9-A948-8572E2301FC9}.BsPortalPublish|Any CPU.Build.0 = Release|Any CPU
		{04A45A8F-36E7-4AF9-A948-8572E2301FC9}.BsPortalPublish|x64.ActiveCfg = Release|Any CPU
		{04A45A8F-36E7-4AF9-A948-8572E2301FC9}.BsPortalPublish|x64.Build.0 = Release|Any CPU
		{04A45A8F-36E7-4AF9-A948-8572E2301FC9}.Debug|Any CPU.ActiveCfg = Debug|Any CPU
		{04A45A8F-36E7-4AF9-A948-8572E2301FC9}.Debug|Any CPU.Build.0 = Debug|Any CPU
		{04A45A8F-36E7-4AF9-A948-8572E2301FC9}.Debug|x64.ActiveCfg = Debug|Any CPU
		{04A45A8F-36E7-4AF9-A948-8572E2301FC9}.Debug|x64.Build.0 = Debug|Any CPU
		{04A45A8F-36E7-4AF9-A948-8572E2301FC9}.Release|Any CPU.ActiveCfg = Release|Any CPU
		{04A45A8F-36E7-4AF9-A948-8572E2301FC9}.Release|Any CPU.Build.0 = Release|Any CPU
		{04A45A8F-36E7-4AF9-A948-8572E2301FC9}.Release|x64.ActiveCfg = Release|Any CPU
		{04A45A8F-36E7-4AF9-A948-8572E2301FC9}.Release|x64.Build.0 = Release|Any CPU
		{04A45A8F-36E7-4AF9-A948-8572E2301FC9}.WpfPublish|Any CPU.ActiveCfg = Release|Any CPU
		{04A45A8F-36E7-4AF9-A948-8572E2301FC9}.WpfPublish|Any CPU.Build.0 = Release|Any CPU
		{04A45A8F-36E7-4AF9-A948-8572E2301FC9}.WpfPublish|x64.ActiveCfg = Release|Any CPU
		{04A45A8F-36E7-4AF9-A948-8572E2301FC9}.WpfPublish|x64.Build.0 = Release|Any CPU
	EndGlobalSection
	GlobalSection(SolutionProperties) = preSolution
		HideSolutionNode = FALSE
	EndGlobalSection
	GlobalSection(NestedProjects) = preSolution
		{02EA681E-C7D8-13C7-8484-4AC65E1B71E8} = {A56834BF-DC60-4C8B-AA57-1F3071276CAC}
		{4AB6F71F-49F4-49AD-A570-2109F3C703F9} = {02EA681E-C7D8-13C7-8484-4AC65E1B71E8}
		{E26A5721-8618-4B3B-8F18-68DB33318595} = {02EA681E-C7D8-13C7-8484-4AC65E1B71E8}
		{04A45A8F-36E7-4AF9-A948-8572E2301FC9} = {02EA681E-C7D8-13C7-8484-4AC65E1B71E8}
	EndGlobalSection
	GlobalSection(ExtensibilityGlobals) = postSolution
		SolutionGuid = {24963E6C-F8A5-4361-B2E1-D42BD691506A}
	EndGlobalSection
EndGlobal
